
Microsoft Visual Studio Solution File, Format Version 12.00
# Visual Studio Version 16
VisualStudioVersion = 16.0.29709.97
MinimumVisualStudioVersion = 10.0.40219.1
Project("{FAE04EC0-301F-11D3-BF4B-00C04F79EFBC}") = "FacadePaternExample", "FacadePaternExample\FacadePaternExample.csproj", "{6CC11AC9-A02C-4004-9B34-3B2A394A0327}"
EndProject
Global
	GlobalSection(SolutionConfigurationPlatforms) = preSolution
		Debug|Any CPU = Debug|Any CPU
		Release|Any CPU = Release|Any CPU
	EndGlobalSection
	GlobalSection(ProjectConfigurationPlatforms) = postSolution
		{6CC11AC9-A02C-4004-9B34-3B2A394A0327}.Debug|Any CPU.ActiveCfg = Debug|Any CPU
		{6CC11AC9-A02C-4004-9B34-3B2A394A0327}.Debug|Any CPU.Build.0 = Debug|Any CPU
		{6CC11AC9-A02C-4004-9B34-3B2A394A0327}.Release|Any CPU.ActiveCfg = Release|Any CPU
		{6CC11AC9-A02C-4004-9B34-3B2A394A0327}.Release|Any CPU.Build.0 = Release|Any CPU
	EndGlobalSection
	GlobalSection(SolutionProperties) = preSolution
		HideSolutionNode = FALSE
	EndGlobalSection
	GlobalSection(ExtensibilityGlobals) = postSolution
		SolutionGuid = {F82F628D-5C50-469E-81CF-A06ACBB281CF}
	EndGlobalSection
EndGlobal
